// !$*UTF8*$!
{
	archiveVersion = 1;
	classes = {
	};
	objectVersion = 56;
	objects = {

/* Begin PBXBuildFile section */
		3B275F6F29BB2FB600406A7C /* Stack1ViewController.swift in Sources */ = {isa = PBXBuildFile; fileRef = 3B275F6E29BB2FB600406A7C /* Stack1ViewController.swift */; };
		3BA68C0329B4317500EEC082 /* AppDelegate.swift in Sources */ = {isa = PBXBuildFile; fileRef = 3BA68C0229B4317500EEC082 /* AppDelegate.swift */; };
		3BA68C0529B4317500EEC082 /* SceneDelegate.swift in Sources */ = {isa = PBXBuildFile; fileRef = 3BA68C0429B4317500EEC082 /* SceneDelegate.swift */; };
		3BA68C0729B4317500EEC082 /* ViewController.swift in Sources */ = {isa = PBXBuildFile; fileRef = 3BA68C0629B4317500EEC082 /* ViewController.swift */; };
		3BA68C0A29B4317500EEC082 /* Main.storyboard in Resources */ = {isa = PBXBuildFile; fileRef = 3BA68C0829B4317500EEC082 /* Main.storyboard */; };
		3BA68C0C29B4317700EEC082 /* Assets.xcassets in Resources */ = {isa = PBXBuildFile; fileRef = 3BA68C0B29B4317700EEC082 /* Assets.xcassets */; };
		3BA68C0F29B4317700EEC082 /* LaunchScreen.storyboard in Resources */ = {isa = PBXBuildFile; fileRef = 3BA68C0D29B4317700EEC082 /* LaunchScreen.storyboard */; };
		3BA68C1A29B4364F00EEC082 /* LabelImageViewController.swift in Sources */ = {isa = PBXBuildFile; fileRef = 3BA68C1929B4364F00EEC082 /* LabelImageViewController.swift */; };
		3BA68C2129B62E3200EEC082 /* ContainerMainViewController.swift in Sources */ = {isa = PBXBuildFile; fileRef = 3BA68C2029B62E3200EEC082 /* ContainerMainViewController.swift */; };
		3BA68C2329B62E5100EEC082 /* ContainerSub1ViewController.swift in Sources */ = {isa = PBXBuildFile; fileRef = 3BA68C2229B62E5100EEC082 /* ContainerSub1ViewController.swift */; };
		3BA68C2529B62E5E00EEC082 /* ContainerSub2ViewController.swift in Sources */ = {isa = PBXBuildFile; fileRef = 3BA68C2429B62E5E00EEC082 /* ContainerSub2ViewController.swift */; };
		3BA68C2729B6B35B00EEC082 /* ContainerMain.storyboard in Resources */ = {isa = PBXBuildFile; fileRef = 3BA68C2629B6B35B00EEC082 /* ContainerMain.storyboard */; };
		3BA68C2929B74F5500EEC082 /* ContainerSub3.storyboard in Resources */ = {isa = PBXBuildFile; fileRef = 3BA68C2829B74F5500EEC082 /* ContainerSub3.storyboard */; };
		3BA68C2B29B74F7400EEC082 /* ContainerSub3ViewController.swift in Sources */ = {isa = PBXBuildFile; fileRef = 3BA68C2A29B74F7400EEC082 /* ContainerSub3ViewController.swift */; };
		3BA68C2E29B8355900EEC082 /* Scroll1.storyboard in Resources */ = {isa = PBXBuildFile; fileRef = 3BA68C2D29B8355800EEC082 /* Scroll1.storyboard */; };
		3BA68C3029B8357400EEC082 /* Scroll1ViewController.swift in Sources */ = {isa = PBXBuildFile; fileRef = 3BA68C2F29B8357400EEC082 /* Scroll1ViewController.swift */; };
		3BA68C3429B8392E00EEC082 /* Scroll2.storyboard in Resources */ = {isa = PBXBuildFile; fileRef = 3BA68C3329B8392E00EEC082 /* Scroll2.storyboard */; };
		3BA68C3629B8397600EEC082 /* Scroll2ViewController.swift in Sources */ = {isa = PBXBuildFile; fileRef = 3BA68C3529B8397600EEC082 /* Scroll2ViewController.swift */; };
		3BA68C3B29B9BB3400EEC082 /* Scroll3ViewController.swift in Sources */ = {isa = PBXBuildFile; fileRef = 3BA68C3A29B9BB3400EEC082 /* Scroll3ViewController.swift */; };
		3BA68C3D29BA229800EEC082 /* Scroll4ViewController.swift in Sources */ = {isa = PBXBuildFile; fileRef = 3BA68C3C29BA229700EEC082 /* Scroll4ViewController.swift */; };
/* End PBXBuildFile section */

/* Begin PBXFileReference section */
		3B275F6E29BB2FB600406A7C /* Stack1ViewController.swift */ = {isa = PBXFileReference; lastKnownFileType = sourcecode.swift; path = Stack1ViewController.swift; sourceTree = "<group>"; };
		3BA68BFF29B4317500EEC082 /* CodeConstaints4.app */ = {isa = PBXFileReference; explicitFileType = wrapper.application; includeInIndex = 0; path = CodeConstaints4.app; sourceTree = BUILT_PRODUCTS_DIR; };
		3BA68C0229B4317500EEC082 /* AppDelegate.swift */ = {isa = PBXFileReference; lastKnownFileType = sourcecode.swift; path = AppDelegate.swift; sourceTree = "<group>"; };
		3BA68C0429B4317500EEC082 /* SceneDelegate.swift */ = {isa = PBXFileReference; lastKnownFileType = sourcecode.swift; path = SceneDelegate.swift; sourceTree = "<group>"; };
		3BA68C0629B4317500EEC082 /* ViewController.swift */ = {isa = PBXFileReference; lastKnownFileType = sourcecode.swift; path = ViewController.swift; sourceTree = "<group>"; };
		3BA68C0929B4317500EEC082 /* Base */ = {isa = PBXFileReference; lastKnownFileType = file.storyboard; name = Base; path = Base.lproj/Main.storyboard; sourceTree = "<group>"; };
		3BA68C0B29B4317700EEC082 /* Assets.xcassets */ = {isa = PBXFileReference; lastKnownFileType = folder.assetcatalog; path = Assets.xcassets; sourceTree = "<group>"; };
		3BA68C0E29B4317700EEC082 /* Base */ = {isa = PBXFileReference; lastKnownFileType = file.storyboard; name = Base; path = Base.lproj/LaunchScreen.storyboard; sourceTree = "<group>"; };
		3BA68C1029B4317700EEC082 /* Info.plist */ = {isa = PBXFileReference; lastKnownFileType = text.plist.xml; path = Info.plist; sourceTree = "<group>"; };
		3BA68C1929B4364F00EEC082 /* LabelImageViewController.swift */ = {isa = PBXFileReference; lastKnownFileType = sourcecode.swift; path = LabelImageViewController.swift; sourceTree = "<group>"; };
		3BA68C2029B62E3200EEC082 /* ContainerMainViewController.swift */ = {isa = PBXFileReference; lastKnownFileType = sourcecode.swift; path = ContainerMainViewController.swift; sourceTree = "<group>"; };
		3BA68C2229B62E5100EEC082 /* ContainerSub1ViewController.swift */ = {isa = PBXFileReference; lastKnownFileType = sourcecode.swift; path = ContainerSub1ViewController.swift; sourceTree = "<group>"; };
		3BA68C2429B62E5E00EEC082 /* ContainerSub2ViewController.swift */ = {isa = PBXFileReference; lastKnownFileType = sourcecode.swift; path = ContainerSub2ViewController.swift; sourceTree = "<group>"; };
		3BA68C2629B6B35B00EEC082 /* ContainerMain.storyboard */ = {isa = PBXFileReference; lastKnownFileType = file.storyboard; path = ContainerMain.storyboard; sourceTree = "<group>"; };
		3BA68C2829B74F5500EEC082 /* ContainerSub3.storyboard */ = {isa = PBXFileReference; lastKnownFileType = file.storyboard; path = ContainerSub3.storyboard; sourceTree = "<group>"; };
		3BA68C2A29B74F7400EEC082 /* ContainerSub3ViewController.swift */ = {isa = PBXFileReference; lastKnownFileType = sourcecode.swift; path = ContainerSub3ViewController.swift; sourceTree = "<group>"; };
		3BA68C2D29B8355800EEC082 /* Scroll1.storyboard */ = {isa = PBXFileReference; lastKnownFileType = file.storyboard; path = Scroll1.storyboard; sourceTree = "<group>"; };
		3BA68C2F29B8357400EEC082 /* Scroll1ViewController.swift */ = {isa = PBXFileReference; lastKnownFileType = sourcecode.swift; path = Scroll1ViewController.swift; sourceTree = "<group>"; };
		3BA68C3329B8392E00EEC082 /* Scroll2.storyboard */ = {isa = PBXFileReference; lastKnownFileType = file.storyboard; path = Scroll2.storyboard; sourceTree = "<group>"; };
		3BA68C3529B8397600EEC082 /* Scroll2ViewController.swift */ = {isa = PBXFileReference; lastKnownFileType = sourcecode.swift; path = Scroll2ViewController.swift; sourceTree = "<group>"; };
		3BA68C3A29B9BB3400EEC082 /* Scroll3ViewController.swift */ = {isa = PBXFileReference; lastKnownFileType = sourcecode.swift; path = Scroll3ViewController.swift; sourceTree = "<group>"; };
		3BA68C3C29BA229700EEC082 /* Scroll4ViewController.swift */ = {isa = PBXFileReference; lastKnownFileType = sourcecode.swift; path = Scroll4ViewController.swift; sourceTree = "<group>"; };
/* End PBXFileReference section */

/* Begin PBXFrameworksBuildPhase section */
		3BA68BFC29B4317500EEC082 /* Frameworks */ = {
			isa = PBXFrameworksBuildPhase;
			buildActionMask = 2147483647;
			files = (
			);
			runOnlyForDeploymentPostprocessing = 0;
		};
/* End PBXFrameworksBuildPhase section */

/* Begin PBXGroup section */
		3B275F6D29BB2F8E00406A7C /* Stack */ = {
			isa = PBXGroup;
			children = (
				3B275F6E29BB2FB600406A7C /* Stack1ViewController.swift */,
			);
			path = Stack;
			sourceTree = "<group>";
		};
		3BA68BF629B4317500EEC082 = {
			isa = PBXGroup;
			children = (
				3BA68C0129B4317500EEC082 /* CodeConstaints4 */,
				3BA68C0029B4317500EEC082 /* Products */,
			);
			sourceTree = "<group>";
		};
		3BA68C0029B4317500EEC082 /* Products */ = {
			isa = PBXGroup;
			children = (
				3BA68BFF29B4317500EEC082 /* CodeConstaints4.app */,
			);
			name = Products;
			sourceTree = "<group>";
		};
		3BA68C0129B4317500EEC082 /* CodeConstaints4 */ = {
			isa = PBXGroup;
			children = (
				3BA68C0229B4317500EEC082 /* AppDelegate.swift */,
				3BA68C0429B4317500EEC082 /* SceneDelegate.swift */,
				3BA68C1D29B62DAC00EEC082 /* ContainerView */,
				3B275F6D29BB2F8E00406A7C /* Stack */,
				3BA68C2C29B8353600EEC082 /* Scroll */,
				3BA68C1629B435DF00EEC082 /* LabelImage */,
				3BA68C0829B4317500EEC082 /* Main.storyboard */,
				3BA68C0629B4317500EEC082 /* ViewController.swift */,
				3BA68C0B29B4317700EEC082 /* Assets.xcassets */,
				3BA68C0D29B4317700EEC082 /* LaunchScreen.storyboard */,
				3BA68C1029B4317700EEC082 /* Info.plist */,
			);
			path = CodeConstaints4;
			sourceTree = "<group>";
		};
		3BA68C1629B435DF00EEC082 /* LabelImage */ = {
			isa = PBXGroup;
			children = (
				3BA68C1929B4364F00EEC082 /* LabelImageViewController.swift */,
			);
			path = LabelImage;
			sourceTree = "<group>";
		};
		3BA68C1D29B62DAC00EEC082 /* ContainerView */ = {
			isa = PBXGroup;
			children = (
				3BA68C2029B62E3200EEC082 /* ContainerMainViewController.swift */,
				3BA68C2629B6B35B00EEC082 /* ContainerMain.storyboard */,
				3BA68C2229B62E5100EEC082 /* ContainerSub1ViewController.swift */,
				3BA68C2429B62E5E00EEC082 /* ContainerSub2ViewController.swift */,
				3BA68C2829B74F5500EEC082 /* ContainerSub3.storyboard */,
				3BA68C2A29B74F7400EEC082 /* ContainerSub3ViewController.swift */,
			);
			path = ContainerView;
			sourceTree = "<group>";
		};
		3BA68C2C29B8353600EEC082 /* Scroll */ = {
			isa = PBXGroup;
			children = (
				3BA68C3129B838FD00EEC082 /* Scroll1 */,
				3BA68C3229B8390F00EEC082 /* Scroll2 */,
				3BA68C3929B9BB0600EEC082 /* Scroll3 */,
				3BA68C3E29BAA61D00EEC082 /* Scroll4 */,
			);
			path = Scroll;
			sourceTree = "<group>";
		};
		3BA68C3129B838FD00EEC082 /* Scroll1 */ = {
			isa = PBXGroup;
			children = (
				3BA68C2D29B8355800EEC082 /* Scroll1.storyboard */,
				3BA68C2F29B8357400EEC082 /* Scroll1ViewController.swift */,
			);
			path = Scroll1;
			sourceTree = "<group>";
		};
		3BA68C3229B8390F00EEC082 /* Scroll2 */ = {
			isa = PBXGroup;
			children = (
				3BA68C3329B8392E00EEC082 /* Scroll2.storyboard */,
				3BA68C3529B8397600EEC082 /* Scroll2ViewController.swift */,
			);
			path = Scroll2;
			sourceTree = "<group>";
		};
		3BA68C3929B9BB0600EEC082 /* Scroll3 */ = {
			isa = PBXGroup;
			children = (
				3BA68C3A29B9BB3400EEC082 /* Scroll3ViewController.swift */,
			);
			path = Scroll3;
			sourceTree = "<group>";
		};
		3BA68C3E29BAA61D00EEC082 /* Scroll4 */ = {
			isa = PBXGroup;
			children = (
				3BA68C3C29BA229700EEC082 /* Scroll4ViewController.swift */,
			);
			path = Scroll4;
			sourceTree = "<group>";
		};
/* End PBXGroup section */

/* Begin PBXNativeTarget section */
		3BA68BFE29B4317500EEC082 /* CodeConstaints4 */ = {
			isa = PBXNativeTarget;
			buildConfigurationList = 3BA68C1329B4317700EEC082 /* Build configuration list for PBXNativeTarget "CodeConstaints4" */;
			buildPhases = (
				3BA68BFB29B4317500EEC082 /* Sources */,
				3BA68BFC29B4317500EEC082 /* Frameworks */,
				3BA68BFD29B4317500EEC082 /* Resources */,
			);
			buildRules = (
			);
			dependencies = (
			);
			name = CodeConstaints4;
			productName = CodeConstaints4;
			productReference = 3BA68BFF29B4317500EEC082 /* CodeConstaints4.app */;
			productType = "com.apple.product-type.application";
		};
/* End PBXNativeTarget section */

/* Begin PBXProject section */
		3BA68BF729B4317500EEC082 /* Project object */ = {
			isa = PBXProject;
			attributes = {
				BuildIndependentTargetsInParallel = 1;
				LastSwiftUpdateCheck = 1400;
				LastUpgradeCheck = 1400;
				TargetAttributes = {
					3BA68BFE29B4317500EEC082 = {
						CreatedOnToolsVersion = 14.0.1;
					};
				};
			};
			buildConfigurationList = 3BA68BFA29B4317500EEC082 /* Build configuration list for PBXProject "CodeConstaints4" */;
			compatibilityVersion = "Xcode 14.0";
			developmentRegion = en;
			hasScannedForEncodings = 0;
			knownRegions = (
				en,
				Base,
			);
			mainGroup = 3BA68BF629B4317500EEC082;
			productRefGroup = 3BA68C0029B4317500EEC082 /* Products */;
			projectDirPath = "";
			projectRoot = "";
			targets = (
				3BA68BFE29B4317500EEC082 /* CodeConstaints4 */,
			);
		};
/* End PBXProject section */

/* Begin PBXResourcesBuildPhase section */
		3BA68BFD29B4317500EEC082 /* Resources */ = {
			isa = PBXResourcesBuildPhase;
			buildActionMask = 2147483647;
			files = (
				3BA68C0F29B4317700EEC082 /* LaunchScreen.storyboard in Resources */,
				3BA68C0C29B4317700EEC082 /* Assets.xcassets in Resources */,
				3BA68C2929B74F5500EEC082 /* ContainerSub3.storyboard in Resources */,
				3BA68C0A29B4317500EEC082 /* Main.storyboard in Resources */,
				3BA68C2E29B8355900EEC082 /* Scroll1.storyboard in Resources */,
				3BA68C3429B8392E00EEC082 /* Scroll2.storyboard in Resources */,
				3BA68C2729B6B35B00EEC082 /* ContainerMain.storyboard in Resources */,
			);
			runOnlyForDeploymentPostprocessing = 0;
		};
/* End PBXResourcesBuildPhase section */

/* Begin PBXSourcesBuildPhase section */
		3BA68BFB29B4317500EEC082 /* Sources */ = {
			isa = PBXSourcesBuildPhase;
			buildActionMask = 2147483647;
			files = (
				3BA68C2129B62E3200EEC082 /* ContainerMainViewController.swift in Sources */,
				3BA68C2B29B74F7400EEC082 /* ContainerSub3ViewController.swift in Sources */,
				3BA68C0729B4317500EEC082 /* ViewController.swift in Sources */,
				3BA68C0329B4317500EEC082 /* AppDelegate.swift in Sources */,
				3BA68C2529B62E5E00EEC082 /* ContainerSub2ViewController.swift in Sources */,
				3BA68C3B29B9BB3400EEC082 /* Scroll3ViewController.swift in Sources */,
				3BA68C3029B8357400EEC082 /* Scroll1ViewController.swift in Sources */,
				3BA68C2329B62E5100EEC082 /* ContainerSub1ViewController.swift in Sources */,
				3BA68C3D29BA229800EEC082 /* Scroll4ViewController.swift in Sources */,
				3B275F6F29BB2FB600406A7C /* Stack1ViewController.swift in Sources */,
				3BA68C0529B4317500EEC082 /* SceneDelegate.swift in Sources */,
				3BA68C3629B8397600EEC082 /* Scroll2ViewController.swift in Sources */,
				3BA68C1A29B4364F00EEC082 /* LabelImageViewController.swift in Sources */,
			);
			runOnlyForDeploymentPostprocessing = 0;
		};
/* End PBXSourcesBuildPhase section */

/* Begin PBXVariantGroup section */
		3BA68C0829B4317500EEC082 /* Main.storyboard */ = {
			isa = PBXVariantGroup;
			children = (
				3BA68C0929B4317500EEC082 /* Base */,
			);
			name = Main.storyboard;
			sourceTree = "<group>";
		};
		3BA68C0D29B4317700EEC082 /* LaunchScreen.storyboard */ = {
			isa = PBXVariantGroup;
			children = (
				3BA68C0E29B4317700EEC082 /* Base */,
			);
			name = LaunchScreen.storyboard;
			sourceTree = "<group>";
		};
/* End PBXVariantGroup section */

/* Begin XCBuildConfiguration section */
		3BA68C1129B4317700EEC082 /* Debug */ = {
			isa = XCBuildConfiguration;
			buildSettings = {
				ALWAYS_SEARCH_USER_PATHS = NO;
				CLANG_ANALYZER_NONNULL = YES;
				CLANG_ANALYZER_NUMBER_OBJECT_CONVERSION = YES_AGGRESSIVE;
				CLANG_CXX_LANGUAGE_STANDARD = "gnu++20";
				CLANG_ENABLE_MODULES = YES;
				CLANG_ENABLE_OBJC_ARC = YES;
				CLANG_ENABLE_OBJC_WEAK = YES;
				CLANG_WARN_BLOCK_CAPTURE_AUTORELEASING = YES;
				CLANG_WARN_BOOL_CONVERSION = YES;
				CLANG_WARN_COMMA = YES;
				CLANG_WARN_CONSTANT_CONVERSION = YES;
				CLANG_WARN_DEPRECATED_OBJC_IMPLEMENTATIONS = YES;
				CLANG_WARN_DIRECT_OBJC_ISA_USAGE = YES_ERROR;
				CLANG_WARN_DOCUMENTATION_COMMENTS = YES;
				CLANG_WARN_EMPTY_BODY = YES;
				CLANG_WARN_ENUM_CONVERSION = YES;
				CLANG_WARN_INFINITE_RECURSION = YES;
				CLANG_WARN_INT_CONVERSION = YES;
				CLANG_WARN_NON_LITERAL_NULL_CONVERSION = YES;
				CLANG_WARN_OBJC_IMPLICIT_RETAIN_SELF = YES;
				CLANG_WARN_OBJC_LITERAL_CONVERSION = YES;
				CLANG_WARN_OBJC_ROOT_CLASS = YES_ERROR;
				CLANG_WARN_QUOTED_INCLUDE_IN_FRAMEWORK_HEADER = YES;
				CLANG_WARN_RANGE_LOOP_ANALYSIS = YES;
				CLANG_WARN_STRICT_PROTOTYPES = YES;
				CLANG_WARN_SUSPICIOUS_MOVE = YES;
				CLANG_WARN_UNGUARDED_AVAILABILITY = YES_AGGRESSIVE;
				CLANG_WARN_UNREACHABLE_CODE = YES;
				CLANG_WARN__DUPLICATE_METHOD_MATCH = YES;
				COPY_PHASE_STRIP = NO;
				DEBUG_INFORMATION_FORMAT = dwarf;
				ENABLE_STRICT_OBJC_MSGSEND = YES;
				ENABLE_TESTABILITY = YES;
				GCC_C_LANGUAGE_STANDARD = gnu11;
				GCC_DYNAMIC_NO_PIC = NO;
				GCC_NO_COMMON_BLOCKS = YES;
				GCC_OPTIMIZATION_LEVEL = 0;
				GCC_PREPROCESSOR_DEFINITIONS = (
					"DEBUG=1",
					"$(inherited)",
				);
				GCC_WARN_64_TO_32_BIT_CONVERSION = YES;
				GCC_WARN_ABOUT_RETURN_TYPE = YES_ERROR;
				GCC_WARN_UNDECLARED_SELECTOR = YES;
				GCC_WARN_UNINITIALIZED_AUTOS = YES_AGGRESSIVE;
				GCC_WARN_UNUSED_FUNCTION = YES;
				GCC_WARN_UNUSED_VARIABLE = YES;
				IPHONEOS_DEPLOYMENT_TARGET = 13.0;
				MTL_ENABLE_DEBUG_INFO = INCLUDE_SOURCE;
				MTL_FAST_MATH = YES;
				ONLY_ACTIVE_ARCH = YES;
				SDKROOT = iphoneos;
				SWIFT_ACTIVE_COMPILATION_CONDITIONS = DEBUG;
				SWIFT_OPTIMIZATION_LEVEL = "-Onone";
			};
			name = Debug;
		};
		3BA68C1229B4317700EEC082 /* Release */ = {
			isa = XCBuildConfiguration;
			buildSettings = {
				ALWAYS_SEARCH_USER_PATHS = NO;
				CLANG_ANALYZER_NONNULL = YES;
				CLANG_ANALYZER_NUMBER_OBJECT_CONVERSION = YES_AGGRESSIVE;
				CLANG_CXX_LANGUAGE_STANDARD = "gnu++20";
				CLANG_ENABLE_MODULES = YES;
				CLANG_ENABLE_OBJC_ARC = YES;
				CLANG_ENABLE_OBJC_WEAK = YES;
				CLANG_WARN_BLOCK_CAPTURE_AUTORELEASING = YES;
				CLANG_WARN_BOOL_CONVERSION = YES;
				CLANG_WARN_COMMA = YES;
				CLANG_WARN_CONSTANT_CONVERSION = YES;
				CLANG_WARN_DEPRECATED_OBJC_IMPLEMENTATIONS = YES;
				CLANG_WARN_DIRECT_OBJC_ISA_USAGE = YES_ERROR;
				CLANG_WARN_DOCUMENTATION_COMMENTS = YES;
				CLANG_WARN_EMPTY_BODY = YES;
				CLANG_WARN_ENUM_CONVERSION = YES;
				CLANG_WARN_INFINITE_RECURSION = YES;
				CLANG_WARN_INT_CONVERSION = YES;
				CLANG_WARN_NON_LITERAL_NULL_CONVERSION = YES;
				CLANG_WARN_OBJC_IMPLICIT_RETAIN_SELF = YES;
				CLANG_WARN_OBJC_LITERAL_CONVERSION = YES;
				CLANG_WARN_OBJC_ROOT_CLASS = YES_ERROR;
				CLANG_WARN_QUOTED_INCLUDE_IN_FRAMEWORK_HEADER = YES;
				CLANG_WARN_RANGE_LOOP_ANALYSIS = YES;
				CLANG_WARN_STRICT_PROTOTYPES = YES;
				CLANG_WARN_SUSPICIOUS_MOVE = YES;
				CLANG_WARN_UNGUARDED_AVAILABILITY = YES_AGGRESSIVE;
				CLANG_WARN_UNREACHABLE_CODE = YES;
				CLANG_WARN__DUPLICATE_METHOD_MATCH = YES;
				COPY_PHASE_STRIP = NO;
				DEBUG_INFORMATION_FORMAT = "dwarf-with-dsym";
				ENABLE_NS_ASSERTIONS = NO;
				ENABLE_STRICT_OBJC_MSGSEND = YES;
				GCC_C_LANGUAGE_STANDARD = gnu11;
				GCC_NO_COMMON_BLOCKS = YES;
				GCC_WARN_64_TO_32_BIT_CONVERSION = YES;
				GCC_WARN_ABOUT_RETURN_TYPE = YES_ERROR;
				GCC_WARN_UNDECLARED_SELECTOR = YES;
				GCC_WARN_UNINITIALIZED_AUTOS = YES_AGGRESSIVE;
				GCC_WARN_UNUSED_FUNCTION = YES;
				GCC_WARN_UNUSED_VARIABLE = YES;
				IPHONEOS_DEPLOYMENT_TARGET = 13.0;
				MTL_ENABLE_DEBUG_INFO = NO;
				MTL_FAST_MATH = YES;
				SDKROOT = iphoneos;
				SWIFT_COMPILATION_MODE = wholemodule;
				SWIFT_OPTIMIZATION_LEVEL = "-O";
				VALIDATE_PRODUCT = YES;
			};
			name = Release;
		};
		3BA68C1429B4317700EEC082 /* Debug */ = {
			isa = XCBuildConfiguration;
			buildSettings = {
				ASSETCATALOG_COMPILER_APPICON_NAME = AppIcon;
				ASSETCATALOG_COMPILER_GLOBAL_ACCENT_COLOR_NAME = AccentColor;
				CODE_SIGN_STYLE = Automatic;
				CURRENT_PROJECT_VERSION = 1;
				DEVELOPMENT_TEAM = DW275526Z6;
				GENERATE_INFOPLIST_FILE = YES;
				INFOPLIST_FILE = CodeConstaints4/Info.plist;
				INFOPLIST_KEY_UIApplicationSupportsIndirectInputEvents = YES;
				INFOPLIST_KEY_UILaunchStoryboardName = LaunchScreen;
				INFOPLIST_KEY_UIMainStoryboardFile = Main;
				INFOPLIST_KEY_UISupportedInterfaceOrientations_iPad = "UIInterfaceOrientationPortrait UIInterfaceOrientationPortraitUpsideDown UIInterfaceOrientationLandscapeLeft UIInterfaceOrientationLandscapeRight";
				INFOPLIST_KEY_UISupportedInterfaceOrientations_iPhone = "UIInterfaceOrientationPortrait UIInterfaceOrientationLandscapeLeft UIInterfaceOrientationLandscapeRight";
				IPHONEOS_DEPLOYMENT_TARGET = 13.0;
				LD_RUNPATH_SEARCH_PATHS = (
					"$(inherited)",
					"@executable_path/Frameworks",
				);
				MARKETING_VERSION = 1.0;
				PRODUCT_BUNDLE_IDENTIFIER = com.imael.CodeConstaints4;
				PRODUCT_NAME = "$(TARGET_NAME)";
				SWIFT_EMIT_LOC_STRINGS = YES;
				SWIFT_VERSION = 5.0;
				TARGETED_DEVICE_FAMILY = "1,2";
			};
			name = Debug;
		};
		3BA68C1529B4317700EEC082 /* Release */ = {
			isa = XCBuildConfiguration;
			buildSettings = {
				ASSETCATALOG_COMPILER_APPICON_NAME = AppIcon;
				ASSETCATALOG_COMPILER_GLOBAL_ACCENT_COLOR_NAME = AccentColor;
				CODE_SIGN_STYLE = Automatic;
				CURRENT_PROJECT_VERSION = 1;
				DEVELOPMENT_TEAM = DW275526Z6;
				GENERATE_INFOPLIST_FILE = YES;
				INFOPLIST_FILE = CodeConstaints4/Info.plist;
				INFOPLIST_KEY_UIApplicationSupportsIndirectInputEvents = YES;
				INFOPLIST_KEY_UILaunchStoryboardName = LaunchScreen;
				INFOPLIST_KEY_UIMainStoryboardFile = Main;
				INFOPLIST_KEY_UISupportedInterfaceOrientations_iPad = "UIInterfaceOrientationPortrait UIInterfaceOrientationPortraitUpsideDown UIInterfaceOrientationLandscapeLeft UIInterfaceOrientationLandscapeRight";
				INFOPLIST_KEY_UISupportedInterfaceOrientations_iPhone = "UIInterfaceOrientationPortrait UIInterfaceOrientationLandscapeLeft UIInterfaceOrientationLandscapeRight";
				IPHONEOS_DEPLOYMENT_TARGET = 13.0;
				LD_RUNPATH_SEARCH_PATHS = (
					"$(inherited)",
					"@executable_path/Frameworks",
				);
				MARKETING_VERSION = 1.0;
				PRODUCT_BUNDLE_IDENTIFIER = com.imael.CodeConstaints4;
				PRODUCT_NAME = "$(TARGET_NAME)";
				SWIFT_EMIT_LOC_STRINGS = YES;
				SWIFT_VERSION = 5.0;
				TARGETED_DEVICE_FAMILY = "1,2";
			};
			name = Release;
		};
/* End XCBuildConfiguration section */

/* Begin XCConfigurationList section */
		3BA68BFA29B4317500EEC082 /* Build configuration list for PBXProject "CodeConstaints4" */ = {
			isa = XCConfigurationList;
			buildConfigurations = (
				3BA68C1129B4317700EEC082 /* Debug */,
				3BA68C1229B4317700EEC082 /* Release */,
			);
			defaultConfigurationIsVisible = 0;
			defaultConfigurationName = Release;
		};
		3BA68C1329B4317700EEC082 /* Build configuration list for PBXNativeTarget "CodeConstaints4" */ = {
			isa = XCConfigurationList;
			buildConfigurations = (
				3BA68C1429B4317700EEC082 /* Debug */,
				3BA68C1529B4317700EEC082 /* Release */,
			);
			defaultConfigurationIsVisible = 0;
			defaultConfigurationName = Release;
		};
/* End XCConfigurationList section */
	};
	rootObject = 3BA68BF729B4317500EEC082 /* Project object */;
}
